
Microsoft Visual Studio Solution File, Format Version 12.00
# Visual Studio 14
VisualStudioVersion = 14.0.24720.0
MinimumVisualStudioVersion = 10.0.40219.1
Project("{FAE04EC0-301F-11D3-BF4B-00C04F79EFBC}") = "PassValuesUcToVm", "PassValuesUcToVm\PassValuesUcToVm.csproj", "{588980F4-06E0-4EE0-8633-DEF88DD04999}"
EndProject
Global
	GlobalSection(SolutionConfigurationPlatforms) = preSolution
		Debug|ARM = Debug|ARM
		Debug|x64 = Debug|x64
		Debug|x86 = Debug|x86
		Release|ARM = Release|ARM
		Release|x64 = Release|x64
		Release|x86 = Release|x86
	EndGlobalSection
	GlobalSection(ProjectConfigurationPlatforms) = postSolution
		{588980F4-06E0-4EE0-8633-DEF88DD04999}.Debug|ARM.ActiveCfg = Debug|ARM
		{588980F4-06E0-4EE0-8633-DEF88DD04999}.Debug|ARM.Build.0 = Debug|ARM
		{588980F4-06E0-4EE0-8633-DEF88DD04999}.Debug|ARM.Deploy.0 = Debug|ARM
		{588980F4-06E0-4EE0-8633-DEF88DD04999}.Debug|x64.ActiveCfg = Debug|x64
		{588980F4-06E0-4EE0-8633-DEF88DD04999}.Debug|x64.Build.0 = Debug|x64
		{588980F4-06E0-4EE0-8633-DEF88DD04999}.Debug|x64.Deploy.0 = Debug|x64
		{588980F4-06E0-4EE0-8633-DEF88DD04999}.Debug|x86.ActiveCfg = Debug|x86
		{588980F4-06E0-4EE0-8633-DEF88DD04999}.Debug|x86.Build.0 = Debug|x86
		{588980F4-06E0-4EE0-8633-DEF88DD04999}.Debug|x86.Deploy.0 = Debug|x86
		{588980F4-06E0-4EE0-8633-DEF88DD04999}.Release|ARM.ActiveCfg = Release|ARM
		{588980F4-06E0-4EE0-8633-DEF88DD04999}.Release|ARM.Build.0 = Release|ARM
		{588980F4-06E0-4EE0-8633-DEF88DD04999}.Release|ARM.Deploy.0 = Release|ARM
		{588980F4-06E0-4EE0-8633-DEF88DD04999}.Release|x64.ActiveCfg = Release|x64
		{588980F4-06E0-4EE0-8633-DEF88DD04999}.Release|x64.Build.0 = Release|x64
		{588980F4-06E0-4EE0-8633-DEF88DD04999}.Release|x64.Deploy.0 = Release|x64
		{588980F4-06E0-4EE0-8633-DEF88DD04999}.Release|x86.ActiveCfg = Release|x86
		{588980F4-06E0-4EE0-8633-DEF88DD04999}.Release|x86.Build.0 = Release|x86
		{588980F4-06E0-4EE0-8633-DEF88DD04999}.Release|x86.Deploy.0 = Release|x86
	EndGlobalSection
	GlobalSection(SolutionProperties) = preSolution
		HideSolutionNode = FALSE
	EndGlobalSection
EndGlobal
